
Microsoft Visual Studio Solution File, Format Version 12.00
# Visual Studio Version 16
VisualStudioVersion = 16.0.32126.315
MinimumVisualStudioVersion = 10.0.40219.1
Project("{FAE04EC0-301F-11D3-BF4B-00C04F79EFBC}") = "Menor_Numero", "Menor_Numero\Menor_Numero.csproj", "{EA9AB0FC-DDFC-457F-B9C0-065633E6B14D}"
EndProject
Global
	GlobalSection(SolutionConfigurationPlatforms) = preSolution
		Debug|Any CPU = Debug|Any CPU
		Release|Any CPU = Release|Any CPU
	EndGlobalSection
	GlobalSection(ProjectConfigurationPlatforms) = postSolution
		{EA9AB0FC-DDFC-457F-B9C0-065633E6B14D}.Debug|Any CPU.ActiveCfg = Debug|Any CPU
		{EA9AB0FC-DDFC-457F-B9C0-065633E6B14D}.Debug|Any CPU.Build.0 = Debug|Any CPU
		{EA9AB0FC-DDFC-457F-B9C0-065633E6B14D}.Release|Any CPU.ActiveCfg = Release|Any CPU
		{EA9AB0FC-DDFC-457F-B9C0-065633E6B14D}.Release|Any CPU.Build.0 = Release|Any CPU
	EndGlobalSection
	GlobalSection(SolutionProperties) = preSolution
		HideSolutionNode = FALSE
	EndGlobalSection
	GlobalSection(ExtensibilityGlobals) = postSolution
		SolutionGuid = {F500B4C4-4072-4C47-AC83-7675D07BC35F}
	EndGlobalSection
EndGlobal
